
Microsoft Visual Studio Solution File, Format Version 12.00
# Visual Studio Version 17
VisualStudioVersion = 17.3.32901.215
MinimumVisualStudioVersion = 10.0.40219.1
Project("{9A19103F-16F7-4668-BE54-9A1E7A4F7556}") = "DelegateDecompiler", "src\DelegateDecompiler\DelegateDecompiler.csproj", "{11F42698-BB34-4175-9DA8-80BD62171D02}"
EndProject
Project("{9A19103F-16F7-4668-BE54-9A1E7A4F7556}") = "DelegateDecompiler.Tests", "src\DelegateDecompiler.Tests\DelegateDecompiler.Tests.csproj", "{9531F38F-9E2C-4487-B76E-1EEA3AAB5B83}"
EndProject
Project("{2150E333-8FDC-42A3-9474-1A3956D46DE8}") = "Solution Items", "Solution Items", "{CF17DF9B-3430-4159-9BF3-8F56C6E9887C}"
	ProjectSection(SolutionItems) = preProject
		!release.cmd = !release.cmd
		.editorconfig = .editorconfig
		appveyor.yml = appveyor.yml
		build.cmd = build.cmd
		src\Directory.Build.props = src\Directory.Build.props
		LICENSE.txt = LICENSE.txt
		README.md = README.md
		test.cmd = test.cmd
		global.json = global.json
		GitVersion.yml = GitVersion.yml
	EndProjectSection
EndProject
Project("{9A19103F-16F7-4668-BE54-9A1E7A4F7556}") = "DelegateDecompiler.EntityFramework.Tests", "src\DelegateDecompiler.EntityFramework.Tests\DelegateDecompiler.EntityFramework.Tests.csproj", "{CC1F2D70-08F7-4DA0-963C-E1915F233C45}"
EndProject
Project("{9A19103F-16F7-4668-BE54-9A1E7A4F7556}") = "DelegateDecompiler.EntityFramework", "src\DelegateDecompiler.EntityFramework\DelegateDecompiler.EntityFramework.csproj", "{9ACA1ACA-7334-42E3-9FBD-336D4AB5BDF7}"
EndProject
Project("{778DAE3C-4631-46EA-AA77-85C1314464D9}") = "DelegateDecompiler.Tests.VB", "src\DelegateDecompiler.Tests.VB\DelegateDecompiler.Tests.VB.vbproj", "{19EC81F1-783D-4F53-BCB8-4F87BA3A28EC}"
EndProject
Project("{9A19103F-16F7-4668-BE54-9A1E7A4F7556}") = "DelegateDecompiler.EntityFrameworkCore5", "src\DelegateDecompiler.EntityFrameworkCore5\DelegateDecompiler.EntityFrameworkCore5.csproj", "{79DA2FBB-7A35-4AFF-A89B-CF8F5DADC1B2}"
EndProject
Project("{FAE04EC0-301F-11D3-BF4B-00C04F79EFBC}") = "DelegateDecompiler.EntityFrameworkCore8.Tests", "src\DelegateDecompiler.EntityFrameworkCore8.Tests\DelegateDecompiler.EntityFrameworkCore8.Tests.csproj", "{4B729DD4-7A37-4D16-B241-10DD5B12EDA0}"
EndProject
Project("{FAE04EC0-301F-11D3-BF4B-00C04F79EFBC}") = "DelegateDecompiler.EntityFrameworkCore9.Tests", "src\DelegateDecompiler.EntityFrameworkCore9.Tests\DelegateDecompiler.EntityFrameworkCore9.Tests.csproj", "{1E051041-B9CB-44AC-B2A2-5D4A4B91B2DB}"
EndProject
Project("{FAE04EC0-301F-11D3-BF4B-00C04F79EFBC}") = "DelegateDecompiler.EntityFrameworkCore10.Tests", "src\DelegateDecompiler.EntityFrameworkCore10.Tests\DelegateDecompiler.EntityFrameworkCore10.Tests.csproj", "{5C3905CC-6B38-4C95-80FC-0DB5B72C5ABD}"
EndProject
Global
	GlobalSection(SolutionConfigurationPlatforms) = preSolution
		Debug|Any CPU = Debug|Any CPU
		Release|Any CPU = Release|Any CPU
	EndGlobalSection
	GlobalSection(ProjectConfigurationPlatforms) = postSolution
		{11F42698-BB34-4175-9DA8-80BD62171D02}.Debug|Any CPU.ActiveCfg = Debug|Any CPU
		{11F42698-BB34-4175-9DA8-80BD62171D02}.Debug|Any CPU.Build.0 = Debug|Any CPU
		{11F42698-BB34-4175-9DA8-80BD62171D02}.Release|Any CPU.ActiveCfg = Release|Any CPU
		{11F42698-BB34-4175-9DA8-80BD62171D02}.Release|Any CPU.Build.0 = Release|Any CPU
		{9531F38F-9E2C-4487-B76E-1EEA3AAB5B83}.Debug|Any CPU.ActiveCfg = Debug|Any CPU
		{9531F38F-9E2C-4487-B76E-1EEA3AAB5B83}.Debug|Any CPU.Build.0 = Debug|Any CPU
		{9531F38F-9E2C-4487-B76E-1EEA3AAB5B83}.Release|Any CPU.ActiveCfg = Release|Any CPU
		{9531F38F-9E2C-4487-B76E-1EEA3AAB5B83}.Release|Any CPU.Build.0 = Release|Any CPU
		{CC1F2D70-08F7-4DA0-963C-E1915F233C45}.Debug|Any CPU.ActiveCfg = Debug|Any CPU
		{CC1F2D70-08F7-4DA0-963C-E1915F233C45}.Debug|Any CPU.Build.0 = Debug|Any CPU
		{CC1F2D70-08F7-4DA0-963C-E1915F233C45}.Release|Any CPU.ActiveCfg = Release|Any CPU
		{CC1F2D70-08F7-4DA0-963C-E1915F233C45}.Release|Any CPU.Build.0 = Release|Any CPU
		{9ACA1ACA-7334-42E3-9FBD-336D4AB5BDF7}.Debug|Any CPU.ActiveCfg = Debug|Any CPU
		{9ACA1ACA-7334-42E3-9FBD-336D4AB5BDF7}.Debug|Any CPU.Build.0 = Debug|Any CPU
		{9ACA1ACA-7334-42E3-9FBD-336D4AB5BDF7}.Release|Any CPU.ActiveCfg = Release|Any CPU
		{9ACA1ACA-7334-42E3-9FBD-336D4AB5BDF7}.Release|Any CPU.Build.0 = Release|Any CPU
		{19EC81F1-783D-4F53-BCB8-4F87BA3A28EC}.Debug|Any CPU.ActiveCfg = Debug|Any CPU
		{19EC81F1-783D-4F53-BCB8-4F87BA3A28EC}.Debug|Any CPU.Build.0 = Debug|Any CPU
		{19EC81F1-783D-4F53-BCB8-4F87BA3A28EC}.Release|Any CPU.ActiveCfg = Release|Any CPU
		{19EC81F1-783D-4F53-BCB8-4F87BA3A28EC}.Release|Any CPU.Build.0 = Release|Any CPU
		{79DA2FBB-7A35-4AFF-A89B-CF8F5DADC1B2}.Debug|Any CPU.ActiveCfg = Debug|Any CPU
		{79DA2FBB-7A35-4AFF-A89B-CF8F5DADC1B2}.Debug|Any CPU.Build.0 = Debug|Any CPU
		{79DA2FBB-7A35-4AFF-A89B-CF8F5DADC1B2}.Release|Any CPU.ActiveCfg = Release|Any CPU
		{79DA2FBB-7A35-4AFF-A89B-CF8F5DADC1B2}.Release|Any CPU.Build.0 = Release|Any CPU
		{4B729DD4-7A37-4D16-B241-10DD5B12EDA0}.Debug|Any CPU.ActiveCfg = Debug|Any CPU
		{4B729DD4-7A37-4D16-B241-10DD5B12EDA0}.Debug|Any CPU.Build.0 = Debug|Any CPU
		{4B729DD4-7A37-4D16-B241-10DD5B12EDA0}.Release|Any CPU.ActiveCfg = Release|Any CPU
		{4B729DD4-7A37-4D16-B241-10DD5B12EDA0}.Release|Any CPU.Build.0 = Release|Any CPU
		{1E051041-B9CB-44AC-B2A2-5D4A4B91B2DB}.Debug|Any CPU.ActiveCfg = Debug|Any CPU
		{1E051041-B9CB-44AC-B2A2-5D4A4B91B2DB}.Debug|Any CPU.Build.0 = Debug|Any CPU
		{1E051041-B9CB-44AC-B2A2-5D4A4B91B2DB}.Release|Any CPU.ActiveCfg = Release|Any CPU
		{1E051041-B9CB-44AC-B2A2-5D4A4B91B2DB}.Release|Any CPU.Build.0 = Release|Any CPU
		{5C3905CC-6B38-4C95-80FC-0DB5B72C5ABD}.Debug|Any CPU.ActiveCfg = Debug|Any CPU
		{5C3905CC-6B38-4C95-80FC-0DB5B72C5ABD}.Debug|Any CPU.Build.0 = Debug|Any CPU
		{5C3905CC-6B38-4C95-80FC-0DB5B72C5ABD}.Release|Any CPU.ActiveCfg = Release|Any CPU
		{5C3905CC-6B38-4C95-80FC-0DB5B72C5ABD}.Release|Any CPU.Build.0 = Release|Any CPU
	EndGlobalSection
	GlobalSection(SolutionProperties) = preSolution
		HideSolutionNode = FALSE
	EndGlobalSection
	GlobalSection(ExtensibilityGlobals) = postSolution
		SolutionGuid = {597F2252-1B98-4351-A9EA-E0712A33B79C}
	EndGlobalSection
EndGlobal
